
Microsoft Visual Studio Solution File, Format Version 12.00
# Visual Studio Version 17
VisualStudioVersion = 17.5.33424.131
MinimumVisualStudioVersion = 10.0.40219.1
Project("{FAE04EC0-301F-11D3-BF4B-00C04F79EFBC}") = "DataObject", "DataObject\DataObject.csproj", "{96760F41-E343-4AC0-A2E2-708CF208565E}"
EndProject
Global
	GlobalSection(SolutionConfigurationPlatforms) = preSolution
		Debug|Any CPU = Debug|Any CPU
		Release|Any CPU = Release|Any CPU
	EndGlobalSection
	GlobalSection(ProjectConfigurationPlatforms) = postSolution
		{96760F41-E343-4AC0-A2E2-708CF208565E}.Debug|Any CPU.ActiveCfg = Debug|Any CPU
		{96760F41-E343-4AC0-A2E2-708CF208565E}.Debug|Any CPU.Build.0 = Debug|Any CPU
		{96760F41-E343-4AC0-A2E2-708CF208565E}.Release|Any CPU.ActiveCfg = Release|Any CPU
		{96760F41-E343-4AC0-A2E2-708CF208565E}.Release|Any CPU.Build.0 = Release|Any CPU
	EndGlobalSection
	GlobalSection(SolutionProperties) = preSolution
		HideSolutionNode = FALSE
	EndGlobalSection
	GlobalSection(ExtensibilityGlobals) = postSolution
		SolutionGuid = {5F44F1A4-4DAA-48AE-835C-3C09E7FF66B3}
	EndGlobalSection
EndGlobal
