
Microsoft Visual Studio Solution File, Format Version 12.00
# Visual Studio Version 17
VisualStudioVersion = 17.5.33424.131
MinimumVisualStudioVersion = 10.0.40219.1
Project("{FAE04EC0-301F-11D3-BF4B-00C04F79EFBC}") = "ComposicaoObjetos", "ComposicaoObjetos\ComposicaoObjetos.csproj", "{96DBFDA5-B1AD-488A-8C56-361238535465}"
EndProject
Global
	GlobalSection(SolutionConfigurationPlatforms) = preSolution
		Debug|Any CPU = Debug|Any CPU
		Release|Any CPU = Release|Any CPU
	EndGlobalSection
	GlobalSection(ProjectConfigurationPlatforms) = postSolution
		{96DBFDA5-B1AD-488A-8C56-361238535465}.Debug|Any CPU.ActiveCfg = Debug|Any CPU
		{96DBFDA5-B1AD-488A-8C56-361238535465}.Debug|Any CPU.Build.0 = Debug|Any CPU
		{96DBFDA5-B1AD-488A-8C56-361238535465}.Release|Any CPU.ActiveCfg = Release|Any CPU
		{96DBFDA5-B1AD-488A-8C56-361238535465}.Release|Any CPU.Build.0 = Release|Any CPU
	EndGlobalSection
	GlobalSection(SolutionProperties) = preSolution
		HideSolutionNode = FALSE
	EndGlobalSection
	GlobalSection(ExtensibilityGlobals) = postSolution
		SolutionGuid = {80732A04-D701-4BFF-9971-94AB1B9C6908}
	EndGlobalSection
EndGlobal
