
Microsoft Visual Studio Solution File, Format Version 12.00
# Visual Studio Version 17
VisualStudioVersion = 17.5.33424.131
MinimumVisualStudioVersion = 10.0.40219.1
Project("{FAE04EC0-301F-11D3-BF4B-00C04F79EFBC}") = "StreamWriteCSharp", "StreamWriteCSharp\StreamWriteCSharp.csproj", "{D3599137-AE62-4FC5-A31D-5E367BCC67FE}"
EndProject
Global
	GlobalSection(SolutionConfigurationPlatforms) = preSolution
		Debug|Any CPU = Debug|Any CPU
		Release|Any CPU = Release|Any CPU
	EndGlobalSection
	GlobalSection(ProjectConfigurationPlatforms) = postSolution
		{D3599137-AE62-4FC5-A31D-5E367BCC67FE}.Debug|Any CPU.ActiveCfg = Debug|Any CPU
		{D3599137-AE62-4FC5-A31D-5E367BCC67FE}.Debug|Any CPU.Build.0 = Debug|Any CPU
		{D3599137-AE62-4FC5-A31D-5E367BCC67FE}.Release|Any CPU.ActiveCfg = Release|Any CPU
		{D3599137-AE62-4FC5-A31D-5E367BCC67FE}.Release|Any CPU.Build.0 = Release|Any CPU
	EndGlobalSection
	GlobalSection(SolutionProperties) = preSolution
		HideSolutionNode = FALSE
	EndGlobalSection
	GlobalSection(ExtensibilityGlobals) = postSolution
		SolutionGuid = {F24BE8C6-2A02-446A-A14E-6AD8E022EE1C}
	EndGlobalSection
EndGlobal
