
Microsoft Visual Studio Solution File, Format Version 12.00
# Visual Studio Version 17
VisualStudioVersion = 17.5.33424.131
MinimumVisualStudioVersion = 10.0.40219.1
Project("{FAE04EC0-301F-11D3-BF4B-00C04F79EFBC}") = "CorseProductExercice", "CorseProductExercice\CorseProductExercice.csproj", "{245A42F7-1709-4E7E-91AD-23ED09A4A56A}"
EndProject
Global
	GlobalSection(SolutionConfigurationPlatforms) = preSolution
		Debug|Any CPU = Debug|Any CPU
		Release|Any CPU = Release|Any CPU
	EndGlobalSection
	GlobalSection(ProjectConfigurationPlatforms) = postSolution
		{245A42F7-1709-4E7E-91AD-23ED09A4A56A}.Debug|Any CPU.ActiveCfg = Debug|Any CPU
		{245A42F7-1709-4E7E-91AD-23ED09A4A56A}.Debug|Any CPU.Build.0 = Debug|Any CPU
		{245A42F7-1709-4E7E-91AD-23ED09A4A56A}.Release|Any CPU.ActiveCfg = Release|Any CPU
		{245A42F7-1709-4E7E-91AD-23ED09A4A56A}.Release|Any CPU.Build.0 = Release|Any CPU
	EndGlobalSection
	GlobalSection(SolutionProperties) = preSolution
		HideSolutionNode = FALSE
	EndGlobalSection
	GlobalSection(ExtensibilityGlobals) = postSolution
		SolutionGuid = {2EE8F227-F1FB-433F-9DEC-66045189DB0C}
	EndGlobalSection
EndGlobal
