
Microsoft Visual Studio Solution File, Format Version 12.00
# Visual Studio Version 16
VisualStudioVersion = 16.0.33328.57
MinimumVisualStudioVersion = 10.0.40219.1
Project("{FAE04EC0-301F-11D3-BF4B-00C04F79EFBC}") = "ObjectTimeSpan", "ObjectTimeSpan\ObjectTimeSpan.csproj", "{A69CCA82-9248-4DF3-BDE1-205CF311B633}"
EndProject
Global
	GlobalSection(SolutionConfigurationPlatforms) = preSolution
		Debug|Any CPU = Debug|Any CPU
		Release|Any CPU = Release|Any CPU
	EndGlobalSection
	GlobalSection(ProjectConfigurationPlatforms) = postSolution
		{A69CCA82-9248-4DF3-BDE1-205CF311B633}.Debug|Any CPU.ActiveCfg = Debug|Any CPU
		{A69CCA82-9248-4DF3-BDE1-205CF311B633}.Debug|Any CPU.Build.0 = Debug|Any CPU
		{A69CCA82-9248-4DF3-BDE1-205CF311B633}.Release|Any CPU.ActiveCfg = Release|Any CPU
		{A69CCA82-9248-4DF3-BDE1-205CF311B633}.Release|Any CPU.Build.0 = Release|Any CPU
	EndGlobalSection
	GlobalSection(SolutionProperties) = preSolution
		HideSolutionNode = FALSE
	EndGlobalSection
	GlobalSection(ExtensibilityGlobals) = postSolution
		SolutionGuid = {879715BA-1095-4AC2-AEA3-488594CE31E6}
	EndGlobalSection
EndGlobal
