
Microsoft Visual Studio Solution File, Format Version 12.00
# Visual Studio Version 16
VisualStudioVersion = 16.0.33423.256
MinimumVisualStudioVersion = 10.0.40219.1
Project("{FAE04EC0-301F-11D3-BF4B-00C04F79EFBC}") = "ExercicioPropostoHashSetESortedSet", "ExercicioPropostoHashSetESortedSet\ExercicioPropostoHashSetESortedSet.csproj", "{9CD58B8D-4536-44B1-A424-0928A6F81B73}"
EndProject
Global
	GlobalSection(SolutionConfigurationPlatforms) = preSolution
		Debug|Any CPU = Debug|Any CPU
		Release|Any CPU = Release|Any CPU
	EndGlobalSection
	GlobalSection(ProjectConfigurationPlatforms) = postSolution
		{9CD58B8D-4536-44B1-A424-0928A6F81B73}.Debug|Any CPU.ActiveCfg = Debug|Any CPU
		{9CD58B8D-4536-44B1-A424-0928A6F81B73}.Debug|Any CPU.Build.0 = Debug|Any CPU
		{9CD58B8D-4536-44B1-A424-0928A6F81B73}.Release|Any CPU.ActiveCfg = Release|Any CPU
		{9CD58B8D-4536-44B1-A424-0928A6F81B73}.Release|Any CPU.Build.0 = Release|Any CPU
	EndGlobalSection
	GlobalSection(SolutionProperties) = preSolution
		HideSolutionNode = FALSE
	EndGlobalSection
	GlobalSection(ExtensibilityGlobals) = postSolution
		SolutionGuid = {EFEFEA72-210E-41F6-8436-7F2D2BC19F6C}
	EndGlobalSection
EndGlobal
