
Microsoft Visual Studio Solution File, Format Version 12.00
# Visual Studio Version 16
VisualStudioVersion = 16.0.33423.256
MinimumVisualStudioVersion = 10.0.40219.1
Project("{FAE04EC0-301F-11D3-BF4B-00C04F79EFBC}") = "HerancaAccountExercice", "HerancaAccountExercice\HerancaAccountExercice.csproj", "{8C471F2E-72AA-4722-8285-CE605C5C7C96}"
EndProject
Global
	GlobalSection(SolutionConfigurationPlatforms) = preSolution
		Debug|Any CPU = Debug|Any CPU
		Release|Any CPU = Release|Any CPU
	EndGlobalSection
	GlobalSection(ProjectConfigurationPlatforms) = postSolution
		{8C471F2E-72AA-4722-8285-CE605C5C7C96}.Debug|Any CPU.ActiveCfg = Debug|Any CPU
		{8C471F2E-72AA-4722-8285-CE605C5C7C96}.Debug|Any CPU.Build.0 = Debug|Any CPU
		{8C471F2E-72AA-4722-8285-CE605C5C7C96}.Release|Any CPU.ActiveCfg = Release|Any CPU
		{8C471F2E-72AA-4722-8285-CE605C5C7C96}.Release|Any CPU.Build.0 = Release|Any CPU
	EndGlobalSection
	GlobalSection(SolutionProperties) = preSolution
		HideSolutionNode = FALSE
	EndGlobalSection
	GlobalSection(ExtensibilityGlobals) = postSolution
		SolutionGuid = {0E2B89F8-A20A-436D-A805-9DA83E7D5DC5}
	EndGlobalSection
EndGlobal
