
Microsoft Visual Studio Solution File, Format Version 12.00
# Visual Studio Version 16
VisualStudioVersion = 16.0.33328.57
MinimumVisualStudioVersion = 10.0.40219.1
Project("{FAE04EC0-301F-11D3-BF4B-00C04F79EFBC}") = "ModificadorRef", "ModificadorRef\ModificadorRef.csproj", "{BB08049C-799D-4984-97CE-63B71E0722A4}"
EndProject
Global
	GlobalSection(SolutionConfigurationPlatforms) = preSolution
		Debug|Any CPU = Debug|Any CPU
		Release|Any CPU = Release|Any CPU
	EndGlobalSection
	GlobalSection(ProjectConfigurationPlatforms) = postSolution
		{BB08049C-799D-4984-97CE-63B71E0722A4}.Debug|Any CPU.ActiveCfg = Debug|Any CPU
		{BB08049C-799D-4984-97CE-63B71E0722A4}.Debug|Any CPU.Build.0 = Debug|Any CPU
		{BB08049C-799D-4984-97CE-63B71E0722A4}.Release|Any CPU.ActiveCfg = Release|Any CPU
		{BB08049C-799D-4984-97CE-63B71E0722A4}.Release|Any CPU.Build.0 = Release|Any CPU
	EndGlobalSection
	GlobalSection(SolutionProperties) = preSolution
		HideSolutionNode = FALSE
	EndGlobalSection
	GlobalSection(ExtensibilityGlobals) = postSolution
		SolutionGuid = {7C85AFC5-A62B-46D0-BBDB-2D3079311A57}
	EndGlobalSection
EndGlobal
