
Microsoft Visual Studio Solution File, Format Version 12.00
# Visual Studio Version 16
VisualStudioVersion = 16.0.33423.256
MinimumVisualStudioVersion = 10.0.40219.1
Project("{FAE04EC0-301F-11D3-BF4B-00C04F79EFBC}") = "AbstractMethods", "AbstractMethods\AbstractMethods.csproj", "{FAC937E5-B37C-4705-9CB4-9D18666A7242}"
EndProject
Global
	GlobalSection(SolutionConfigurationPlatforms) = preSolution
		Debug|Any CPU = Debug|Any CPU
		Release|Any CPU = Release|Any CPU
	EndGlobalSection
	GlobalSection(ProjectConfigurationPlatforms) = postSolution
		{FAC937E5-B37C-4705-9CB4-9D18666A7242}.Debug|Any CPU.ActiveCfg = Debug|Any CPU
		{FAC937E5-B37C-4705-9CB4-9D18666A7242}.Debug|Any CPU.Build.0 = Debug|Any CPU
		{FAC937E5-B37C-4705-9CB4-9D18666A7242}.Release|Any CPU.ActiveCfg = Release|Any CPU
		{FAC937E5-B37C-4705-9CB4-9D18666A7242}.Release|Any CPU.Build.0 = Release|Any CPU
	EndGlobalSection
	GlobalSection(SolutionProperties) = preSolution
		HideSolutionNode = FALSE
	EndGlobalSection
	GlobalSection(ExtensibilityGlobals) = postSolution
		SolutionGuid = {A83F72FA-9EFE-46D2-9415-17267C4E224A}
	EndGlobalSection
EndGlobal
