
Microsoft Visual Studio Solution File, Format Version 12.00
# Visual Studio Version 16
VisualStudioVersion = 16.0.33423.256
MinimumVisualStudioVersion = 10.0.40219.1
Project("{FAE04EC0-301F-11D3-BF4B-00C04F79EFBC}") = "LINQNotacaoSimilarSQL", "LINQNotacaoSimilarSQL\LINQNotacaoSimilarSQL.csproj", "{FEB0C967-AD79-45C6-A2C4-A06ACE2B61C0}"
EndProject
Global
	GlobalSection(SolutionConfigurationPlatforms) = preSolution
		Debug|Any CPU = Debug|Any CPU
		Release|Any CPU = Release|Any CPU
	EndGlobalSection
	GlobalSection(ProjectConfigurationPlatforms) = postSolution
		{FEB0C967-AD79-45C6-A2C4-A06ACE2B61C0}.Debug|Any CPU.ActiveCfg = Debug|Any CPU
		{FEB0C967-AD79-45C6-A2C4-A06ACE2B61C0}.Debug|Any CPU.Build.0 = Debug|Any CPU
		{FEB0C967-AD79-45C6-A2C4-A06ACE2B61C0}.Release|Any CPU.ActiveCfg = Release|Any CPU
		{FEB0C967-AD79-45C6-A2C4-A06ACE2B61C0}.Release|Any CPU.Build.0 = Release|Any CPU
	EndGlobalSection
	GlobalSection(SolutionProperties) = preSolution
		HideSolutionNode = FALSE
	EndGlobalSection
	GlobalSection(ExtensibilityGlobals) = postSolution
		SolutionGuid = {4032041C-C4A6-4FC8-87DE-CE8ADA27FA50}
	EndGlobalSection
EndGlobal
