
Microsoft Visual Studio Solution File, Format Version 12.00
# Visual Studio Version 16
VisualStudioVersion = 16.0.33328.57
MinimumVisualStudioVersion = 10.0.40219.1
Project("{FAE04EC0-301F-11D3-BF4B-00C04F79EFBC}") = "ModificadorParams", "ModificadorParams\ModificadorParams.csproj", "{A25FEE91-0CD5-4A73-8AC0-726E63E1A834}"
EndProject
Global
	GlobalSection(SolutionConfigurationPlatforms) = preSolution
		Debug|Any CPU = Debug|Any CPU
		Release|Any CPU = Release|Any CPU
	EndGlobalSection
	GlobalSection(ProjectConfigurationPlatforms) = postSolution
		{A25FEE91-0CD5-4A73-8AC0-726E63E1A834}.Debug|Any CPU.ActiveCfg = Debug|Any CPU
		{A25FEE91-0CD5-4A73-8AC0-726E63E1A834}.Debug|Any CPU.Build.0 = Debug|Any CPU
		{A25FEE91-0CD5-4A73-8AC0-726E63E1A834}.Release|Any CPU.ActiveCfg = Release|Any CPU
		{A25FEE91-0CD5-4A73-8AC0-726E63E1A834}.Release|Any CPU.Build.0 = Release|Any CPU
	EndGlobalSection
	GlobalSection(SolutionProperties) = preSolution
		HideSolutionNode = FALSE
	EndGlobalSection
	GlobalSection(ExtensibilityGlobals) = postSolution
		SolutionGuid = {E39162DC-1052-43FD-A1FC-2C0E89A22A72}
	EndGlobalSection
EndGlobal
