
Microsoft Visual Studio Solution File, Format Version 12.00
# Visual Studio Version 16
VisualStudioVersion = 16.0.33423.256
MinimumVisualStudioVersion = 10.0.40219.1
Project("{FAE04EC0-301F-11D3-BF4B-00C04F79EFBC}") = "ComposicaoObjetosII", "ComposicaoObjetosII\ComposicaoObjetosII.csproj", "{A9226B0F-74A8-4588-89A1-7CDEA6CF5D71}"
EndProject
Global
	GlobalSection(SolutionConfigurationPlatforms) = preSolution
		Debug|Any CPU = Debug|Any CPU
		Release|Any CPU = Release|Any CPU
	EndGlobalSection
	GlobalSection(ProjectConfigurationPlatforms) = postSolution
		{A9226B0F-74A8-4588-89A1-7CDEA6CF5D71}.Debug|Any CPU.ActiveCfg = Debug|Any CPU
		{A9226B0F-74A8-4588-89A1-7CDEA6CF5D71}.Debug|Any CPU.Build.0 = Debug|Any CPU
		{A9226B0F-74A8-4588-89A1-7CDEA6CF5D71}.Release|Any CPU.ActiveCfg = Release|Any CPU
		{A9226B0F-74A8-4588-89A1-7CDEA6CF5D71}.Release|Any CPU.Build.0 = Release|Any CPU
	EndGlobalSection
	GlobalSection(SolutionProperties) = preSolution
		HideSolutionNode = FALSE
	EndGlobalSection
	GlobalSection(ExtensibilityGlobals) = postSolution
		SolutionGuid = {A65A622F-50B4-4892-A3E1-9057FBE15982}
	EndGlobalSection
EndGlobal
